
Microsoft Visual Studio Solution File, Format Version 12.00
# Visual Studio 15
VisualStudioVersion = 15.0.26730.12
MinimumVisualStudioVersion = 10.0.40219.1
Project("{FAE04EC0-301F-11D3-BF4B-00C04F79EFBC}") = "KelpNet.Sample", "KelpNet.Sample\KelpNet.Sample.csproj", "{6FC4693A-FE47-46E4-B5A0-7DB254DCBDB1}"
EndProject
Project("{FAE04EC0-301F-11D3-BF4B-00C04F79EFBC}") = "KelpNet", "KelpNet\KelpNet.csproj", "{750BB541-BF90-471D-A93F-54230B6FB07D}"
EndProject
Project("{FAE04EC0-301F-11D3-BF4B-00C04F79EFBC}") = "KelpNet.Tools", "KelpNet.Tools\KelpNet.Tools.csproj", "{74F187E5-0E1E-400B-9381-426CCC0F453B}"
EndProject
Project("{FAE04EC0-301F-11D3-BF4B-00C04F79EFBC}") = "KelpNet.Tests", "KelpNet.Tests\KelpNet.Tests.csproj", "{6ED9037E-440F-4C84-A551-938D65071D35}"
EndProject
Project("{FAE04EC0-301F-11D3-BF4B-00C04F79EFBC}") = "KelpNet.CL", "KelpNet.CL\KelpNet.CL.csproj", "{BCADEF3A-A9BB-464F-972D-886581995BF1}"
EndProject
Global
	GlobalSection(SolutionConfigurationPlatforms) = preSolution
		Debug|Any CPU = Debug|Any CPU
		Release|Any CPU = Release|Any CPU
	EndGlobalSection
	GlobalSection(ProjectConfigurationPlatforms) = postSolution
		{6FC4693A-FE47-46E4-B5A0-7DB254DCBDB1}.Debug|Any CPU.ActiveCfg = Debug|Any CPU
		{6FC4693A-FE47-46E4-B5A0-7DB254DCBDB1}.Debug|Any CPU.Build.0 = Debug|Any CPU
		{6FC4693A-FE47-46E4-B5A0-7DB254DCBDB1}.Release|Any CPU.ActiveCfg = Release|Any CPU
		{6FC4693A-FE47-46E4-B5A0-7DB254DCBDB1}.Release|Any CPU.Build.0 = Release|Any CPU
		{750BB541-BF90-471D-A93F-54230B6FB07D}.Debug|Any CPU.ActiveCfg = Debug|Any CPU
		{750BB541-BF90-471D-A93F-54230B6FB07D}.Debug|Any CPU.Build.0 = Debug|Any CPU
		{750BB541-BF90-471D-A93F-54230B6FB07D}.Release|Any CPU.ActiveCfg = Release|Any CPU
		{750BB541-BF90-471D-A93F-54230B6FB07D}.Release|Any CPU.Build.0 = Release|Any CPU
		{74F187E5-0E1E-400B-9381-426CCC0F453B}.Debug|Any CPU.ActiveCfg = Debug|Any CPU
		{74F187E5-0E1E-400B-9381-426CCC0F453B}.Debug|Any CPU.Build.0 = Debug|Any CPU
		{74F187E5-0E1E-400B-9381-426CCC0F453B}.Release|Any CPU.ActiveCfg = Release|Any CPU
		{74F187E5-0E1E-400B-9381-426CCC0F453B}.Release|Any CPU.Build.0 = Release|Any CPU
		{6ED9037E-440F-4C84-A551-938D65071D35}.Debug|Any CPU.ActiveCfg = Debug|Any CPU
		{6ED9037E-440F-4C84-A551-938D65071D35}.Debug|Any CPU.Build.0 = Debug|Any CPU
		{6ED9037E-440F-4C84-A551-938D65071D35}.Release|Any CPU.ActiveCfg = Release|Any CPU
		{6ED9037E-440F-4C84-A551-938D65071D35}.Release|Any CPU.Build.0 = Release|Any CPU
		{BCADEF3A-A9BB-464F-972D-886581995BF1}.Debug|Any CPU.ActiveCfg = Debug|Any CPU
		{BCADEF3A-A9BB-464F-972D-886581995BF1}.Debug|Any CPU.Build.0 = Debug|Any CPU
		{BCADEF3A-A9BB-464F-972D-886581995BF1}.Release|Any CPU.ActiveCfg = Release|Any CPU
		{BCADEF3A-A9BB-464F-972D-886581995BF1}.Release|Any CPU.Build.0 = Release|Any CPU
	EndGlobalSection
	GlobalSection(SolutionProperties) = preSolution
		HideSolutionNode = FALSE
	EndGlobalSection
	GlobalSection(ExtensibilityGlobals) = postSolution
		SolutionGuid = {FB8C477F-3400-40A1-95C2-369EBB7ED407}
	EndGlobalSection
EndGlobal
